
Microsoft Visual Studio Solution File, Format Version 12.00
# Visual Studio Version 16
VisualStudioVersion = 16.0.30907.101
MinimumVisualStudioVersion = 10.0.40219.1
Project("{FAE04EC0-301F-11D3-BF4B-00C04F79EFBC}") = "WebApp", "WebApp\WebApp.csproj", "{DE15C14C-A76B-45F9-9F17-B77D2F940924}"
EndProject
Project("{FAE04EC0-301F-11D3-BF4B-00C04F79EFBC}") = "ToolsRUsSystem", "ToolsRUsSystem\ToolsRUsSystem.csproj", "{9C991803-84A5-4E33-B21D-BC50F7126A8C}"
EndProject
Global
	GlobalSection(SolutionConfigurationPlatforms) = preSolution
		Debug|Any CPU = Debug|Any CPU
		Release|Any CPU = Release|Any CPU
	EndGlobalSection
	GlobalSection(ProjectConfigurationPlatforms) = postSolution
		{DE15C14C-A76B-45F9-9F17-B77D2F940924}.Debug|Any CPU.ActiveCfg = Debug|Any CPU
		{DE15C14C-A76B-45F9-9F17-B77D2F940924}.Debug|Any CPU.Build.0 = Debug|Any CPU
		{DE15C14C-A76B-45F9-9F17-B77D2F940924}.Release|Any CPU.ActiveCfg = Release|Any CPU
		{DE15C14C-A76B-45F9-9F17-B77D2F940924}.Release|Any CPU.Build.0 = Release|Any CPU
		{9C991803-84A5-4E33-B21D-BC50F7126A8C}.Debug|Any CPU.ActiveCfg = Debug|Any CPU
		{9C991803-84A5-4E33-B21D-BC50F7126A8C}.Debug|Any CPU.Build.0 = Debug|Any CPU
		{9C991803-84A5-4E33-B21D-BC50F7126A8C}.Release|Any CPU.ActiveCfg = Release|Any CPU
		{9C991803-84A5-4E33-B21D-BC50F7126A8C}.Release|Any CPU.Build.0 = Release|Any CPU
	EndGlobalSection
	GlobalSection(SolutionProperties) = preSolution
		HideSolutionNode = FALSE
	EndGlobalSection
	GlobalSection(ExtensibilityGlobals) = postSolution
		SolutionGuid = {EE5EB99A-B8F8-49F2-9A1D-C9AEB25CAD59}
	EndGlobalSection
EndGlobal
